
Microsoft Visual Studio Solution File, Format Version 12.00
# Visual Studio 15
VisualStudioVersion = 15.0.27703.2042
MinimumVisualStudioVersion = 10.0.40219.1
Project("{9A19103F-16F7-4668-BE54-9A1E7A4F7556}") = "NimbleConfig.Samples.Aspnetcore", "Samples\NimbleConfig.Samples.Aspnetcore\NimbleConfig.Samples.Aspnetcore.csproj", "{1F98D70D-D247-415E-B0AC-5B2A03D19F3D}"
EndProject
Project("{9A19103F-16F7-4668-BE54-9A1E7A4F7556}") = "NimbleConfig.Core", "NimbleConfig.Core\NimbleConfig.Core.csproj", "{05DBD7A8-93C6-4CEE-9CE0-4A591F3699A5}"
EndProject
Project("{9A19103F-16F7-4668-BE54-9A1E7A4F7556}") = "NimbleConfig.DependencyInjection.Aspnetcore", "NimbleConfig.DependencyInjection.Aspnetcore\NimbleConfig.DependencyInjection.Aspnetcore.csproj", "{898C3F61-1305-449C-A144-1027E62EAEC9}"
EndProject
Project("{9A19103F-16F7-4668-BE54-9A1E7A4F7556}") = "NimbleConfig.Samples.ConsoleApp", "Samples\NimbleConfig.Samples.ConsoleApp\NimbleConfig.Samples.ConsoleApp.csproj", "{33F153DA-05A9-41FC-9D25-D6A5DD4B2AF9}"
EndProject
Project("{FAE04EC0-301F-11D3-BF4B-00C04F79EFBC}") = "NimbleConfig.Core.Tests", "NimbleConfig.Core.Tests\NimbleConfig.Core.Tests.csproj", "{BB4D6D8A-6CDF-4504-9403-3DD965C59123}"
EndProject
Global
	GlobalSection(SolutionConfigurationPlatforms) = preSolution
		Debug|Any CPU = Debug|Any CPU
		Release|Any CPU = Release|Any CPU
	EndGlobalSection
	GlobalSection(ProjectConfigurationPlatforms) = postSolution
		{1F98D70D-D247-415E-B0AC-5B2A03D19F3D}.Debug|Any CPU.ActiveCfg = Debug|Any CPU
		{1F98D70D-D247-415E-B0AC-5B2A03D19F3D}.Debug|Any CPU.Build.0 = Debug|Any CPU
		{1F98D70D-D247-415E-B0AC-5B2A03D19F3D}.Release|Any CPU.ActiveCfg = Release|Any CPU
		{1F98D70D-D247-415E-B0AC-5B2A03D19F3D}.Release|Any CPU.Build.0 = Release|Any CPU
		{05DBD7A8-93C6-4CEE-9CE0-4A591F3699A5}.Debug|Any CPU.ActiveCfg = Debug|Any CPU
		{05DBD7A8-93C6-4CEE-9CE0-4A591F3699A5}.Debug|Any CPU.Build.0 = Debug|Any CPU
		{05DBD7A8-93C6-4CEE-9CE0-4A591F3699A5}.Release|Any CPU.ActiveCfg = Release|Any CPU
		{05DBD7A8-93C6-4CEE-9CE0-4A591F3699A5}.Release|Any CPU.Build.0 = Release|Any CPU
		{898C3F61-1305-449C-A144-1027E62EAEC9}.Debug|Any CPU.ActiveCfg = Debug|Any CPU
		{898C3F61-1305-449C-A144-1027E62EAEC9}.Debug|Any CPU.Build.0 = Debug|Any CPU
		{898C3F61-1305-449C-A144-1027E62EAEC9}.Release|Any CPU.ActiveCfg = Release|Any CPU
		{898C3F61-1305-449C-A144-1027E62EAEC9}.Release|Any CPU.Build.0 = Release|Any CPU
		{33F153DA-05A9-41FC-9D25-D6A5DD4B2AF9}.Debug|Any CPU.ActiveCfg = Debug|Any CPU
		{33F153DA-05A9-41FC-9D25-D6A5DD4B2AF9}.Debug|Any CPU.Build.0 = Debug|Any CPU
		{33F153DA-05A9-41FC-9D25-D6A5DD4B2AF9}.Release|Any CPU.ActiveCfg = Release|Any CPU
		{33F153DA-05A9-41FC-9D25-D6A5DD4B2AF9}.Release|Any CPU.Build.0 = Release|Any CPU
		{BB4D6D8A-6CDF-4504-9403-3DD965C59123}.Debug|Any CPU.ActiveCfg = Debug|Any CPU
		{BB4D6D8A-6CDF-4504-9403-3DD965C59123}.Debug|Any CPU.Build.0 = Debug|Any CPU
		{BB4D6D8A-6CDF-4504-9403-3DD965C59123}.Release|Any CPU.ActiveCfg = Release|Any CPU
		{BB4D6D8A-6CDF-4504-9403-3DD965C59123}.Release|Any CPU.Build.0 = Release|Any CPU
	EndGlobalSection
	GlobalSection(SolutionProperties) = preSolution
		HideSolutionNode = FALSE
	EndGlobalSection
	GlobalSection(ExtensibilityGlobals) = postSolution
		SolutionGuid = {7B21F964-6A00-424B-A0CE-38B80B36EFC1}
	EndGlobalSection
EndGlobal
